// !$*UTF8*$!
{
	archiveVersion = 1;
	classes = {
	};
	objectVersion = 56;
	objects = {

/* Begin PBXBuildFile section */
		D04474352B55F3A300BFEA63 /* Constants.swift in Sources */ = {isa = PBXBuildFile; fileRef = D04474302B55F3A300BFEA63 /* Constants.swift */; };
		D04474362B55F3A300BFEA63 /* BitMaskCategories.swift in Sources */ = {isa = PBXBuildFile; fileRef = D04474312B55F3A300BFEA63 /* BitMaskCategories.swift */; };
		D04474372B55F3A300BFEA63 /* Extensions.swift in Sources */ = {isa = PBXBuildFile; fileRef = D04474322B55F3A300BFEA63 /* Extensions.swift */; };
		D04474382B55F3A300BFEA63 /* ChangeScreen.swift in Sources */ = {isa = PBXBuildFile; fileRef = D04474332B55F3A300BFEA63 /* ChangeScreen.swift */; };
		D04474392B55F3A300BFEA63 /* CustomButton.swift in Sources */ = {isa = PBXBuildFile; fileRef = D04474342B55F3A300BFEA63 /* CustomButton.swift */; };
		D044743E2B55F3B800BFEA63 /* GameOverScene.sks in Resources */ = {isa = PBXBuildFile; fileRef = D044743B2B55F3B800BFEA63 /* GameOverScene.sks */; };
		D044743F2B55F3B800BFEA63 /* GameOverScene.swift in Sources */ = {isa = PBXBuildFile; fileRef = D044743C2B55F3B800BFEA63 /* GameOverScene.swift */; };
		D04474402B55F3B800BFEA63 /* BirdNode.swift in Sources */ = {isa = PBXBuildFile; fileRef = D044743D2B55F3B800BFEA63 /* BirdNode.swift */; };
		D0992F8D2B55F4A500907E27 /* GameScene.swift in Sources */ = {isa = PBXBuildFile; fileRef = D0992F8B2B55F4A500907E27 /* GameScene.swift */; };
		D0992F8E2B55F4A500907E27 /* GameScene.sks in Resources */ = {isa = PBXBuildFile; fileRef = D0992F8C2B55F4A500907E27 /* GameScene.sks */; };
		D0D6A21B2B54A08700583A5F /* AppDelegate.swift in Sources */ = {isa = PBXBuildFile; fileRef = D0D6A21A2B54A08700583A5F /* AppDelegate.swift */; };
		D0D6A2232B54A08700583A5F /* GameViewController.swift in Sources */ = {isa = PBXBuildFile; fileRef = D0D6A2222B54A08700583A5F /* GameViewController.swift */; };
		D0D6A2262B54A08700583A5F /* Main.storyboard in Resources */ = {isa = PBXBuildFile; fileRef = D0D6A2242B54A08700583A5F /* Main.storyboard */; };
		D0D6A2282B54A08800583A5F /* Assets.xcassets in Resources */ = {isa = PBXBuildFile; fileRef = D0D6A2272B54A08800583A5F /* Assets.xcassets */; };
		D0D6A22B2B54A08800583A5F /* LaunchScreen.storyboard in Resources */ = {isa = PBXBuildFile; fileRef = D0D6A2292B54A08800583A5F /* LaunchScreen.storyboard */; };
/* End PBXBuildFile section */

/* Begin PBXFileReference section */
		D04474302B55F3A300BFEA63 /* Constants.swift */ = {isa = PBXFileReference; fileEncoding = 4; lastKnownFileType = sourcecode.swift; path = Constants.swift; sourceTree = "<group>"; };
		D04474312B55F3A300BFEA63 /* BitMaskCategories.swift */ = {isa = PBXFileReference; fileEncoding = 4; lastKnownFileType = sourcecode.swift; path = BitMaskCategories.swift; sourceTree = "<group>"; };
		D04474322B55F3A300BFEA63 /* Extensions.swift */ = {isa = PBXFileReference; fileEncoding = 4; lastKnownFileType = sourcecode.swift; path = Extensions.swift; sourceTree = "<group>"; };
		D04474332B55F3A300BFEA63 /* ChangeScreen.swift */ = {isa = PBXFileReference; fileEncoding = 4; lastKnownFileType = sourcecode.swift; path = ChangeScreen.swift; sourceTree = "<group>"; };
		D04474342B55F3A300BFEA63 /* CustomButton.swift */ = {isa = PBXFileReference; fileEncoding = 4; lastKnownFileType = sourcecode.swift; path = CustomButton.swift; sourceTree = "<group>"; };
		D044743B2B55F3B800BFEA63 /* GameOverScene.sks */ = {isa = PBXFileReference; lastKnownFileType = file.sks; path = GameOverScene.sks; sourceTree = "<group>"; };
		D044743C2B55F3B800BFEA63 /* GameOverScene.swift */ = {isa = PBXFileReference; fileEncoding = 4; lastKnownFileType = sourcecode.swift; path = GameOverScene.swift; sourceTree = "<group>"; };
		D044743D2B55F3B800BFEA63 /* BirdNode.swift */ = {isa = PBXFileReference; fileEncoding = 4; lastKnownFileType = sourcecode.swift; path = BirdNode.swift; sourceTree = "<group>"; };
		D0992F8B2B55F4A500907E27 /* GameScene.swift */ = {isa = PBXFileReference; fileEncoding = 4; lastKnownFileType = sourcecode.swift; name = GameScene.swift; path = AvoidingThorns/GameScene.swift; sourceTree = SOURCE_ROOT; };
		D0992F8C2B55F4A500907E27 /* GameScene.sks */ = {isa = PBXFileReference; lastKnownFileType = file.sks; name = GameScene.sks; path = AvoidingThorns/GameScene.sks; sourceTree = SOURCE_ROOT; };
		D0D6A2172B54A08700583A5F /* AvoidingThorns.app */ = {isa = PBXFileReference; explicitFileType = wrapper.application; includeInIndex = 0; path = AvoidingThorns.app; sourceTree = BUILT_PRODUCTS_DIR; };
		D0D6A21A2B54A08700583A5F /* AppDelegate.swift */ = {isa = PBXFileReference; lastKnownFileType = sourcecode.swift; path = AppDelegate.swift; sourceTree = "<group>"; };
		D0D6A2222B54A08700583A5F /* GameViewController.swift */ = {isa = PBXFileReference; lastKnownFileType = sourcecode.swift; path = GameViewController.swift; sourceTree = "<group>"; };
		D0D6A2252B54A08700583A5F /* Base */ = {isa = PBXFileReference; lastKnownFileType = file.storyboard; name = Base; path = Base.lproj/Main.storyboard; sourceTree = "<group>"; };
		D0D6A2272B54A08800583A5F /* Assets.xcassets */ = {isa = PBXFileReference; lastKnownFileType = folder.assetcatalog; path = Assets.xcassets; sourceTree = "<group>"; };
		D0D6A22A2B54A08800583A5F /* Base */ = {isa = PBXFileReference; lastKnownFileType = file.storyboard; name = Base; path = Base.lproj/LaunchScreen.storyboard; sourceTree = "<group>"; };
/* End PBXFileReference section */

/* Begin PBXFrameworksBuildPhase section */
		D0D6A2142B54A08700583A5F /* Frameworks */ = {
			isa = PBXFrameworksBuildPhase;
			buildActionMask = 2147483647;
			files = (
			);
			runOnlyForDeploymentPostprocessing = 0;
		};
/* End PBXFrameworksBuildPhase section */

/* Begin PBXGroup section */
		D044742F2B55F38A00BFEA63 /* Aux */ = {
			isa = PBXGroup;
			children = (
				D04474312B55F3A300BFEA63 /* BitMaskCategories.swift */,
				D04474332B55F3A300BFEA63 /* ChangeScreen.swift */,
				D04474302B55F3A300BFEA63 /* Constants.swift */,
				D04474342B55F3A300BFEA63 /* CustomButton.swift */,
				D04474322B55F3A300BFEA63 /* Extensions.swift */,
			);
			path = Aux;
			sourceTree = "<group>";
		};
		D044743A2B55F3B000BFEA63 /* Scenes */ = {
			isa = PBXGroup;
			children = (
				D0992F8C2B55F4A500907E27 /* GameScene.sks */,
				D0992F8B2B55F4A500907E27 /* GameScene.swift */,
				D044743D2B55F3B800BFEA63 /* BirdNode.swift */,
				D044743B2B55F3B800BFEA63 /* GameOverScene.sks */,
				D044743C2B55F3B800BFEA63 /* GameOverScene.swift */,
			);
			path = Scenes;
			sourceTree = "<group>";
		};
		D0D6A20E2B54A08700583A5F = {
			isa = PBXGroup;
			children = (
				D0D6A2192B54A08700583A5F /* AvoidingThorns */,
				D0D6A2182B54A08700583A5F /* Products */,
			);
			sourceTree = "<group>";
		};
		D0D6A2182B54A08700583A5F /* Products */ = {
			isa = PBXGroup;
			children = (
				D0D6A2172B54A08700583A5F /* AvoidingThorns.app */,
			);
			name = Products;
			sourceTree = "<group>";
		};
		D0D6A2192B54A08700583A5F /* AvoidingThorns */ = {
			isa = PBXGroup;
			children = (
				D044743A2B55F3B000BFEA63 /* Scenes */,
				D044742F2B55F38A00BFEA63 /* Aux */,
				D0D6A21A2B54A08700583A5F /* AppDelegate.swift */,
				D0D6A2222B54A08700583A5F /* GameViewController.swift */,
				D0D6A2242B54A08700583A5F /* Main.storyboard */,
				D0D6A2272B54A08800583A5F /* Assets.xcassets */,
				D0D6A2292B54A08800583A5F /* LaunchScreen.storyboard */,
			);
			path = AvoidingThorns;
			sourceTree = "<group>";
		};
/* End PBXGroup section */

/* Begin PBXNativeTarget section */
		D0D6A2162B54A08700583A5F /* AvoidingThorns */ = {
			isa = PBXNativeTarget;
			buildConfigurationList = D0D6A22E2B54A08800583A5F /* Build configuration list for PBXNativeTarget "AvoidingThorns" */;
			buildPhases = (
				D0D6A2132B54A08700583A5F /* Sources */,
				D0D6A2142B54A08700583A5F /* Frameworks */,
				D0D6A2152B54A08700583A5F /* Resources */,
			);
			buildRules = (
			);
			dependencies = (
			);
			name = AvoidingThorns;
			productName = AvoidingThorns;
			productReference = D0D6A2172B54A08700583A5F /* AvoidingThorns.app */;
			productType = "com.apple.product-type.application";
		};
/* End PBXNativeTarget section */

/* Begin PBXProject section */
		D0D6A20F2B54A08700583A5F /* Project object */ = {
			isa = PBXProject;
			attributes = {
				BuildIndependentTargetsInParallel = 1;
				LastSwiftUpdateCheck = 1510;
				LastUpgradeCheck = 1510;
				TargetAttributes = {
					D0D6A2162B54A08700583A5F = {
						CreatedOnToolsVersion = 15.1;
					};
				};
			};
			buildConfigurationList = D0D6A2122B54A08700583A5F /* Build configuration list for PBXProject "AvoidingThorns" */;
			compatibilityVersion = "Xcode 14.0";
			developmentRegion = en;
			hasScannedForEncodings = 0;
			knownRegions = (
				en,
				Base,
			);
			mainGroup = D0D6A20E2B54A08700583A5F;
			productRefGroup = D0D6A2182B54A08700583A5F /* Products */;
			projectDirPath = "";
			projectRoot = "";
			targets = (
				D0D6A2162B54A08700583A5F /* AvoidingThorns */,
			);
		};
/* End PBXProject section */

/* Begin PBXResourcesBuildPhase section */
		D0D6A2152B54A08700583A5F /* Resources */ = {
			isa = PBXResourcesBuildPhase;
			buildActionMask = 2147483647;
			files = (
				D0D6A2262B54A08700583A5F /* Main.storyboard in Resources */,
				D0992F8E2B55F4A500907E27 /* GameScene.sks in Resources */,
				D0D6A2282B54A08800583A5F /* Assets.xcassets in Resources */,
				D044743E2B55F3B800BFEA63 /* GameOverScene.sks in Resources */,
				D0D6A22B2B54A08800583A5F /* LaunchScreen.storyboard in Resources */,
			);
			runOnlyForDeploymentPostprocessing = 0;
		};
/* End PBXResourcesBuildPhase section */

/* Begin PBXSourcesBuildPhase section */
		D0D6A2132B54A08700583A5F /* Sources */ = {
			isa = PBXSourcesBuildPhase;
			buildActionMask = 2147483647;
			files = (
				D0992F8D2B55F4A500907E27 /* GameScene.swift in Sources */,
				D04474372B55F3A300BFEA63 /* Extensions.swift in Sources */,
				D0D6A2232B54A08700583A5F /* GameViewController.swift in Sources */,
				D0D6A21B2B54A08700583A5F /* AppDelegate.swift in Sources */,
				D04474402B55F3B800BFEA63 /* BirdNode.swift in Sources */,
				D04474392B55F3A300BFEA63 /* CustomButton.swift in Sources */,
				D04474362B55F3A300BFEA63 /* BitMaskCategories.swift in Sources */,
				D04474382B55F3A300BFEA63 /* ChangeScreen.swift in Sources */,
				D044743F2B55F3B800BFEA63 /* GameOverScene.swift in Sources */,
				D04474352B55F3A300BFEA63 /* Constants.swift in Sources */,
			);
			runOnlyForDeploymentPostprocessing = 0;
		};
/* End PBXSourcesBuildPhase section */

/* Begin PBXVariantGroup section */
		D0D6A2242B54A08700583A5F /* Main.storyboard */ = {
			isa = PBXVariantGroup;
			children = (
				D0D6A2252B54A08700583A5F /* Base */,
			);
			name = Main.storyboard;
			sourceTree = "<group>";
		};
		D0D6A2292B54A08800583A5F /* LaunchScreen.storyboard */ = {
			isa = PBXVariantGroup;
			children = (
				D0D6A22A2B54A08800583A5F /* Base */,
			);
			name = LaunchScreen.storyboard;
			sourceTree = "<group>";
		};
/* End PBXVariantGroup section */

/* Begin XCBuildConfiguration section */
		D0D6A22C2B54A08800583A5F /* Debug */ = {
			isa = XCBuildConfiguration;
			buildSettings = {
				ALWAYS_SEARCH_USER_PATHS = NO;
				ASSETCATALOG_COMPILER_GENERATE_SWIFT_ASSET_SYMBOL_EXTENSIONS = YES;
				CLANG_ANALYZER_NONNULL = YES;
				CLANG_ANALYZER_NUMBER_OBJECT_CONVERSION = YES_AGGRESSIVE;
				CLANG_CXX_LANGUAGE_STANDARD = "gnu++20";
				CLANG_ENABLE_MODULES = YES;
				CLANG_ENABLE_OBJC_ARC = YES;
				CLANG_ENABLE_OBJC_WEAK = YES;
				CLANG_WARN_BLOCK_CAPTURE_AUTORELEASING = YES;
				CLANG_WARN_BOOL_CONVERSION = YES;
				CLANG_WARN_COMMA = YES;
				CLANG_WARN_CONSTANT_CONVERSION = YES;
				CLANG_WARN_DEPRECATED_OBJC_IMPLEMENTATIONS = YES;
				CLANG_WARN_DIRECT_OBJC_ISA_USAGE = YES_ERROR;
				CLANG_WARN_DOCUMENTATION_COMMENTS = YES;
				CLANG_WARN_EMPTY_BODY = YES;
				CLANG_WARN_ENUM_CONVERSION = YES;
				CLANG_WARN_INFINITE_RECURSION = YES;
				CLANG_WARN_INT_CONVERSION = YES;
				CLANG_WARN_NON_LITERAL_NULL_CONVERSION = YES;
				CLANG_WARN_OBJC_IMPLICIT_RETAIN_SELF = YES;
				CLANG_WARN_OBJC_LITERAL_CONVERSION = YES;
				CLANG_WARN_OBJC_ROOT_CLASS = YES_ERROR;
				CLANG_WARN_QUOTED_INCLUDE_IN_FRAMEWORK_HEADER = YES;
				CLANG_WARN_RANGE_LOOP_ANALYSIS = YES;
				CLANG_WARN_STRICT_PROTOTYPES = YES;
				CLANG_WARN_SUSPICIOUS_MOVE = YES;
				CLANG_WARN_UNGUARDED_AVAILABILITY = YES_AGGRESSIVE;
				CLANG_WARN_UNREACHABLE_CODE = YES;
				CLANG_WARN__DUPLICATE_METHOD_MATCH = YES;
				COPY_PHASE_STRIP = NO;
				DEBUG_INFORMATION_FORMAT = dwarf;
				ENABLE_STRICT_OBJC_MSGSEND = YES;
				ENABLE_TESTABILITY = YES;
				ENABLE_USER_SCRIPT_SANDBOXING = YES;
				GCC_C_LANGUAGE_STANDARD = gnu17;
				GCC_DYNAMIC_NO_PIC = NO;
				GCC_NO_COMMON_BLOCKS = YES;
				GCC_OPTIMIZATION_LEVEL = 0;
				GCC_PREPROCESSOR_DEFINITIONS = (
					"DEBUG=1",
					"$(inherited)",
				);
				GCC_WARN_64_TO_32_BIT_CONVERSION = YES;
				GCC_WARN_ABOUT_RETURN_TYPE = YES_ERROR;
				GCC_WARN_UNDECLARED_SELECTOR = YES;
				GCC_WARN_UNINITIALIZED_AUTOS = YES_AGGRESSIVE;
				GCC_WARN_UNUSED_FUNCTION = YES;
				GCC_WARN_UNUSED_VARIABLE = YES;
				IPHONEOS_DEPLOYMENT_TARGET = 17.2;
				LOCALIZATION_PREFERS_STRING_CATALOGS = YES;
				MTL_ENABLE_DEBUG_INFO = INCLUDE_SOURCE;
				MTL_FAST_MATH = YES;
				ONLY_ACTIVE_ARCH = YES;
				SDKROOT = iphoneos;
				SWIFT_ACTIVE_COMPILATION_CONDITIONS = "DEBUG $(inherited)";
				SWIFT_OPTIMIZATION_LEVEL = "-Onone";
			};
			name = Debug;
		};
		D0D6A22D2B54A08800583A5F /* Release */ = {
			isa = XCBuildConfiguration;
			buildSettings = {
				ALWAYS_SEARCH_USER_PATHS = NO;
				ASSETCATALOG_COMPILER_GENERATE_SWIFT_ASSET_SYMBOL_EXTENSIONS = YES;
				CLANG_ANALYZER_NONNULL = YES;
				CLANG_ANALYZER_NUMBER_OBJECT_CONVERSION = YES_AGGRESSIVE;
				CLANG_CXX_LANGUAGE_STANDARD = "gnu++20";
				CLANG_ENABLE_MODULES = YES;
				CLANG_ENABLE_OBJC_ARC = YES;
				CLANG_ENABLE_OBJC_WEAK = YES;
				CLANG_WARN_BLOCK_CAPTURE_AUTORELEASING = YES;
				CLANG_WARN_BOOL_CONVERSION = YES;
				CLANG_WARN_COMMA = YES;
				CLANG_WARN_CONSTANT_CONVERSION = YES;
				CLANG_WARN_DEPRECATED_OBJC_IMPLEMENTATIONS = YES;
				CLANG_WARN_DIRECT_OBJC_ISA_USAGE = YES_ERROR;
				CLANG_WARN_DOCUMENTATION_COMMENTS = YES;
				CLANG_WARN_EMPTY_BODY = YES;
				CLANG_WARN_ENUM_CONVERSION = YES;
				CLANG_WARN_INFINITE_RECURSION = YES;
				CLANG_WARN_INT_CONVERSION = YES;
				CLANG_WARN_NON_LITERAL_NULL_CONVERSION = YES;
				CLANG_WARN_OBJC_IMPLICIT_RETAIN_SELF = YES;
				CLANG_WARN_OBJC_LITERAL_CONVERSION = YES;
				CLANG_WARN_OBJC_ROOT_CLASS = YES_ERROR;
				CLANG_WARN_QUOTED_INCLUDE_IN_FRAMEWORK_HEADER = YES;
				CLANG_WARN_RANGE_LOOP_ANALYSIS = YES;
				CLANG_WARN_STRICT_PROTOTYPES = YES;
				CLANG_WARN_SUSPICIOUS_MOVE = YES;
				CLANG_WARN_UNGUARDED_AVAILABILITY = YES_AGGRESSIVE;
				CLANG_WARN_UNREACHABLE_CODE = YES;
				CLANG_WARN__DUPLICATE_METHOD_MATCH = YES;
				COPY_PHASE_STRIP = NO;
				DEBUG_INFORMATION_FORMAT = "dwarf-with-dsym";
				ENABLE_NS_ASSERTIONS = NO;
				ENABLE_STRICT_OBJC_MSGSEND = YES;
				ENABLE_USER_SCRIPT_SANDBOXING = YES;
				GCC_C_LANGUAGE_STANDARD = gnu17;
				GCC_NO_COMMON_BLOCKS = YES;
				GCC_WARN_64_TO_32_BIT_CONVERSION = YES;
				GCC_WARN_ABOUT_RETURN_TYPE = YES_ERROR;
				GCC_WARN_UNDECLARED_SELECTOR = YES;
				GCC_WARN_UNINITIALIZED_AUTOS = YES_AGGRESSIVE;
				GCC_WARN_UNUSED_FUNCTION = YES;
				GCC_WARN_UNUSED_VARIABLE = YES;
				IPHONEOS_DEPLOYMENT_TARGET = 17.2;
				LOCALIZATION_PREFERS_STRING_CATALOGS = YES;
				MTL_ENABLE_DEBUG_INFO = NO;
				MTL_FAST_MATH = YES;
				SDKROOT = iphoneos;
				SWIFT_COMPILATION_MODE = wholemodule;
				VALIDATE_PRODUCT = YES;
			};
			name = Release;
		};
		D0D6A22F2B54A08800583A5F /* Debug */ = {
			isa = XCBuildConfiguration;
			buildSettings = {
				ASSETCATALOG_COMPILER_APPICON_NAME = AppIcon;
				ASSETCATALOG_COMPILER_GLOBAL_ACCENT_COLOR_NAME = AccentColor;
				CODE_SIGN_STYLE = Automatic;
				CURRENT_PROJECT_VERSION = 1;
				DEVELOPMENT_TEAM = 57ZJ5ZD5XZ;
				GENERATE_INFOPLIST_FILE = YES;
				INFOPLIST_KEY_UIApplicationSupportsIndirectInputEvents = YES;
				INFOPLIST_KEY_UILaunchStoryboardName = LaunchScreen;
				INFOPLIST_KEY_UIMainStoryboardFile = Main;
				INFOPLIST_KEY_UIStatusBarHidden = YES;
				INFOPLIST_KEY_UISupportedInterfaceOrientations_iPad = "UIInterfaceOrientationPortrait UIInterfaceOrientationPortraitUpsideDown UIInterfaceOrientationLandscapeLeft UIInterfaceOrientationLandscapeRight";
				INFOPLIST_KEY_UISupportedInterfaceOrientations_iPhone = "UIInterfaceOrientationPortrait UIInterfaceOrientationLandscapeLeft UIInterfaceOrientationLandscapeRight";
				LD_RUNPATH_SEARCH_PATHS = (
					"$(inherited)",
					"@executable_path/Frameworks",
				);
				MARKETING_VERSION = 1.0;
				PRODUCT_BUNDLE_IDENTIFIER = com.pefra.AvoidingThorns;
				PRODUCT_NAME = "$(TARGET_NAME)";
				SWIFT_EMIT_LOC_STRINGS = YES;
				SWIFT_VERSION = 5.0;
				TARGETED_DEVICE_FAMILY = "1,2";
			};
			name = Debug;
		};
		D0D6A2302B54A08800583A5F /* Release */ = {
			isa = XCBuildConfiguration;
			buildSettings = {
				ASSETCATALOG_COMPILER_APPICON_NAME = AppIcon;
				ASSETCATALOG_COMPILER_GLOBAL_ACCENT_COLOR_NAME = AccentColor;
				CODE_SIGN_STYLE = Automatic;
				CURRENT_PROJECT_VERSION = 1;
				DEVELOPMENT_TEAM = 57ZJ5ZD5XZ;
				GENERATE_INFOPLIST_FILE = YES;
				INFOPLIST_KEY_UIApplicationSupportsIndirectInputEvents = YES;
				INFOPLIST_KEY_UILaunchStoryboardName = LaunchScreen;
				INFOPLIST_KEY_UIMainStoryboardFile = Main;
				INFOPLIST_KEY_UIStatusBarHidden = YES;
				INFOPLIST_KEY_UISupportedInterfaceOrientations_iPad = "UIInterfaceOrientationPortrait UIInterfaceOrientationPortraitUpsideDown UIInterfaceOrientationLandscapeLeft UIInterfaceOrientationLandscapeRight";
				INFOPLIST_KEY_UISupportedInterfaceOrientations_iPhone = "UIInterfaceOrientationPortrait UIInterfaceOrientationLandscapeLeft UIInterfaceOrientationLandscapeRight";
				LD_RUNPATH_SEARCH_PATHS = (
					"$(inherited)",
					"@executable_path/Frameworks",
				);
				MARKETING_VERSION = 1.0;
				PRODUCT_BUNDLE_IDENTIFIER = com.pefra.AvoidingThorns;
				PRODUCT_NAME = "$(TARGET_NAME)";
				SWIFT_EMIT_LOC_STRINGS = YES;
				SWIFT_VERSION = 5.0;
				TARGETED_DEVICE_FAMILY = "1,2";
			};
			name = Release;
		};
/* End XCBuildConfiguration section */

/* Begin XCConfigurationList section */
		D0D6A2122B54A08700583A5F /* Build configuration list for PBXProject "AvoidingThorns" */ = {
			isa = XCConfigurationList;
			buildConfigurations = (
				D0D6A22C2B54A08800583A5F /* Debug */,
				D0D6A22D2B54A08800583A5F /* Release */,
			);
			defaultConfigurationIsVisible = 0;
			defaultConfigurationName = Release;
		};
		D0D6A22E2B54A08800583A5F /* Build configuration list for PBXNativeTarget "AvoidingThorns" */ = {
			isa = XCConfigurationList;
			buildConfigurations = (
				D0D6A22F2B54A08800583A5F /* Debug */,
				D0D6A2302B54A08800583A5F /* Release */,
			);
			defaultConfigurationIsVisible = 0;
			defaultConfigurationName = Release;
		};
/* End XCConfigurationList section */
	};
	rootObject = D0D6A20F2B54A08700583A5F /* Project object */;
}
